
Microsoft Visual Studio Solution File, Format Version 12.00
# Visual Studio Version 16
VisualStudioVersion = 16.0.32630.194
MinimumVisualStudioVersion = 10.0.40219.1
Project("{FAE04EC0-301F-11D3-BF4B-00C04F79EFBC}") = "EMS.Api", "EMS.Api\EMS.Api.csproj", "{7635FB56-C8B6-40D5-9ED7-0BC9C46D7BA7}"
EndProject
Global
	GlobalSection(SolutionConfigurationPlatforms) = preSolution
		Debug|Any CPU = Debug|Any CPU
		Release|Any CPU = Release|Any CPU
	EndGlobalSection
	GlobalSection(ProjectConfigurationPlatforms) = postSolution
		{7635FB56-C8B6-40D5-9ED7-0BC9C46D7BA7}.Debug|Any CPU.ActiveCfg = Debug|Any CPU
		{7635FB56-C8B6-40D5-9ED7-0BC9C46D7BA7}.Debug|Any CPU.Build.0 = Debug|Any CPU
		{7635FB56-C8B6-40D5-9ED7-0BC9C46D7BA7}.Release|Any CPU.ActiveCfg = Release|Any CPU
		{7635FB56-C8B6-40D5-9ED7-0BC9C46D7BA7}.Release|Any CPU.Build.0 = Release|Any CPU
	EndGlobalSection
	GlobalSection(SolutionProperties) = preSolution
		HideSolutionNode = FALSE
	EndGlobalSection
	GlobalSection(ExtensibilityGlobals) = postSolution
		SolutionGuid = {75B91575-B182-4F77-889D-C84CAF408D04}
	EndGlobalSection
EndGlobal
